
Microsoft Visual Studio Solution File, Format Version 12.00
# Visual Studio 14
VisualStudioVersion = 14.0.25420.1
MinimumVisualStudioVersion = 10.0.40219.1
Project("{8BC9CEB8-8B4A-11D0-8D11-00A0C91BC942}") = "Variables", "Variables\Variables.vcxproj", "{F9AB746C-91C2-4356-8846-2D95BC447BCA}"
EndProject
Project("{8BC9CEB8-8B4A-11D0-8D11-00A0C91BC942}") = "Swapper", "Swapper\Swapper.vcxproj", "{33CBF742-F352-496B-A904-DF248F078DB6}"
EndProject
Project("{8BC9CEB8-8B4A-11D0-8D11-00A0C91BC942}") = "Average", "Average\Average.vcxproj", "{79706CB5-1371-418C-ABE3-B3488BE82E8B}"
EndProject
Project("{8BC9CEB8-8B4A-11D0-8D11-00A0C91BC942}") = "Letter", "Letter\Letter.vcxproj", "{844E6DDF-7C3D-49F1-A8B3-65BB6539BE44}"
EndProject
Project("{8BC9CEB8-8B4A-11D0-8D11-00A0C91BC942}") = "Conditional", "Conditional\Conditional.vcxproj", "{D8EF9DEC-A6B6-4490-AA88-19D8B8811AEA}"
EndProject
Project("{8BC9CEB8-8B4A-11D0-8D11-00A0C91BC942}") = "Switch", "Switch\Switch.vcxproj", "{22057461-F8C3-4E0C-9F57-831EB089247C}"
EndProject
Project("{8BC9CEB8-8B4A-11D0-8D11-00A0C91BC942}") = "Ternary", "Ternary\Ternary.vcxproj", "{B1C3736A-AD17-46EE-BCC2-F729EFF8481E}"
EndProject
Project("{8BC9CEB8-8B4A-11D0-8D11-00A0C91BC942}") = "Months", "Months\Months.vcxproj", "{CAC67145-470C-4488-92BA-08769986E1F4}"
EndProject
Project("{8BC9CEB8-8B4A-11D0-8D11-00A0C91BC942}") = "Loop1", "Loop1\Loop1.vcxproj", "{593E7ACB-3F11-4948-8B82-7AB41EE3FF97}"
EndProject
Project("{8BC9CEB8-8B4A-11D0-8D11-00A0C91BC942}") = "Loop2", "Loop2\Loop2.vcxproj", "{1F3F2C16-7983-49C6-A560-AE8FF62FF547}"
EndProject
Project("{8BC9CEB8-8B4A-11D0-8D11-00A0C91BC942}") = "loop3", "loop3\loop3.vcxproj", "{A48944B0-5C2D-4EA0-BD06-87D77C0E88C3}"
EndProject
Project("{8BC9CEB8-8B4A-11D0-8D11-00A0C91BC942}") = "Loop4", "Loop4\Loop4.vcxproj", "{B086B69B-2CAA-4EEB-8729-F18D7CD5F228}"
EndProject
Project("{8BC9CEB8-8B4A-11D0-8D11-00A0C91BC942}") = "Array4", "Array4\Array4.vcxproj", "{F7D245FF-3BAA-417D-9BBB-B82914F5FE5D}"
EndProject
Project("{8BC9CEB8-8B4A-11D0-8D11-00A0C91BC942}") = "Array5", "Array5\Array5.vcxproj", "{6B2B8F72-071E-4F0F-B737-0D0988B31BCF}"
EndProject
Project("{8BC9CEB8-8B4A-11D0-8D11-00A0C91BC942}") = "Array8", "Array8\Array8.vcxproj", "{80481482-5BAD-4A54-8BD1-BDD4689AC459}"
EndProject
Project("{8BC9CEB8-8B4A-11D0-8D11-00A0C91BC942}") = "Collatz", "Collatz\Collatz.vcxproj", "{FC72E049-5312-4134-838E-6D1525DC3D7A}"
EndProject
Project("{8BC9CEB8-8B4A-11D0-8D11-00A0C91BC942}") = "Function", "Function\Function.vcxproj", "{4158ADA9-9E1D-41DD-A196-178D57F41DE2}"
EndProject
Project("{8BC9CEB8-8B4A-11D0-8D11-00A0C91BC942}") = "functions", "functions\functions.vcxproj", "{68DFCF5A-FF9E-400F-A6EA-20F01CADF606}"
EndProject
Project("{8BC9CEB8-8B4A-11D0-8D11-00A0C91BC942}") = "SmallestFunction", "SmallestFunction\SmallestFunction.vcxproj", "{79D2DC3B-F32E-4011-9F94-81AA4FE4DCFB}"
EndProject
Project("{8BC9CEB8-8B4A-11D0-8D11-00A0C91BC942}") = "Half", "Half\Half.vcxproj", "{CB5911B1-CD0C-404D-8E98-B4CA1C59C724}"
EndProject
Project("{8BC9CEB8-8B4A-11D0-8D11-00A0C91BC942}") = "RockPaperScissors", "RockPaperScissors\RockPaperScissors.vcxproj", "{34FCAD67-0FD0-4F4B-B5D4-CEF62CE6F287}"
EndProject
Project("{8BC9CEB8-8B4A-11D0-8D11-00A0C91BC942}") = "Structure", "Structure\Structure.vcxproj", "{70B8D83C-001B-43C1-A968-EE84C4C3F92E}"
EndProject
Global
	GlobalSection(SolutionConfigurationPlatforms) = preSolution
		Debug|x64 = Debug|x64
		Debug|x86 = Debug|x86
		Release|x64 = Release|x64
		Release|x86 = Release|x86
	EndGlobalSection
	GlobalSection(ProjectConfigurationPlatforms) = postSolution
		{F9AB746C-91C2-4356-8846-2D95BC447BCA}.Debug|x64.ActiveCfg = Debug|x64
		{F9AB746C-91C2-4356-8846-2D95BC447BCA}.Debug|x64.Build.0 = Debug|x64
		{F9AB746C-91C2-4356-8846-2D95BC447BCA}.Debug|x86.ActiveCfg = Debug|Win32
		{F9AB746C-91C2-4356-8846-2D95BC447BCA}.Debug|x86.Build.0 = Debug|Win32
		{F9AB746C-91C2-4356-8846-2D95BC447BCA}.Release|x64.ActiveCfg = Release|x64
		{F9AB746C-91C2-4356-8846-2D95BC447BCA}.Release|x64.Build.0 = Release|x64
		{F9AB746C-91C2-4356-8846-2D95BC447BCA}.Release|x86.ActiveCfg = Release|Win32
		{F9AB746C-91C2-4356-8846-2D95BC447BCA}.Release|x86.Build.0 = Release|Win32
		{33CBF742-F352-496B-A904-DF248F078DB6}.Debug|x64.ActiveCfg = Debug|x64
		{33CBF742-F352-496B-A904-DF248F078DB6}.Debug|x64.Build.0 = Debug|x64
		{33CBF742-F352-496B-A904-DF248F078DB6}.Debug|x86.ActiveCfg = Debug|Win32
		{33CBF742-F352-496B-A904-DF248F078DB6}.Debug|x86.Build.0 = Debug|Win32
		{33CBF742-F352-496B-A904-DF248F078DB6}.Release|x64.ActiveCfg = Release|x64
		{33CBF742-F352-496B-A904-DF248F078DB6}.Release|x64.Build.0 = Release|x64
		{33CBF742-F352-496B-A904-DF248F078DB6}.Release|x86.ActiveCfg = Release|Win32
		{33CBF742-F352-496B-A904-DF248F078DB6}.Release|x86.Build.0 = Release|Win32
		{79706CB5-1371-418C-ABE3-B3488BE82E8B}.Debug|x64.ActiveCfg = Debug|x64
		{79706CB5-1371-418C-ABE3-B3488BE82E8B}.Debug|x64.Build.0 = Debug|x64
		{79706CB5-1371-418C-ABE3-B3488BE82E8B}.Debug|x86.ActiveCfg = Debug|Win32
		{79706CB5-1371-418C-ABE3-B3488BE82E8B}.Debug|x86.Build.0 = Debug|Win32
		{79706CB5-1371-418C-ABE3-B3488BE82E8B}.Release|x64.ActiveCfg = Release|x64
		{79706CB5-1371-418C-ABE3-B3488BE82E8B}.Release|x64.Build.0 = Release|x64
		{79706CB5-1371-418C-ABE3-B3488BE82E8B}.Release|x86.ActiveCfg = Release|Win32
		{79706CB5-1371-418C-ABE3-B3488BE82E8B}.Release|x86.Build.0 = Release|Win32
		{844E6DDF-7C3D-49F1-A8B3-65BB6539BE44}.Debug|x64.ActiveCfg = Debug|x64
		{844E6DDF-7C3D-49F1-A8B3-65BB6539BE44}.Debug|x64.Build.0 = Debug|x64
		{844E6DDF-7C3D-49F1-A8B3-65BB6539BE44}.Debug|x86.ActiveCfg = Debug|Win32
		{844E6DDF-7C3D-49F1-A8B3-65BB6539BE44}.Debug|x86.Build.0 = Debug|Win32
		{844E6DDF-7C3D-49F1-A8B3-65BB6539BE44}.Release|x64.ActiveCfg = Release|x64
		{844E6DDF-7C3D-49F1-A8B3-65BB6539BE44}.Release|x64.Build.0 = Release|x64
		{844E6DDF-7C3D-49F1-A8B3-65BB6539BE44}.Release|x86.ActiveCfg = Release|Win32
		{844E6DDF-7C3D-49F1-A8B3-65BB6539BE44}.Release|x86.Build.0 = Release|Win32
		{D8EF9DEC-A6B6-4490-AA88-19D8B8811AEA}.Debug|x64.ActiveCfg = Debug|x64
		{D8EF9DEC-A6B6-4490-AA88-19D8B8811AEA}.Debug|x64.Build.0 = Debug|x64
		{D8EF9DEC-A6B6-4490-AA88-19D8B8811AEA}.Debug|x86.ActiveCfg = Debug|Win32
		{D8EF9DEC-A6B6-4490-AA88-19D8B8811AEA}.Debug|x86.Build.0 = Debug|Win32
		{D8EF9DEC-A6B6-4490-AA88-19D8B8811AEA}.Release|x64.ActiveCfg = Release|x64
		{D8EF9DEC-A6B6-4490-AA88-19D8B8811AEA}.Release|x64.Build.0 = Release|x64
		{D8EF9DEC-A6B6-4490-AA88-19D8B8811AEA}.Release|x86.ActiveCfg = Release|Win32
		{D8EF9DEC-A6B6-4490-AA88-19D8B8811AEA}.Release|x86.Build.0 = Release|Win32
		{22057461-F8C3-4E0C-9F57-831EB089247C}.Debug|x64.ActiveCfg = Debug|x64
		{22057461-F8C3-4E0C-9F57-831EB089247C}.Debug|x64.Build.0 = Debug|x64
		{22057461-F8C3-4E0C-9F57-831EB089247C}.Debug|x86.ActiveCfg = Debug|Win32
		{22057461-F8C3-4E0C-9F57-831EB089247C}.Debug|x86.Build.0 = Debug|Win32
		{22057461-F8C3-4E0C-9F57-831EB089247C}.Release|x64.ActiveCfg = Release|x64
		{22057461-F8C3-4E0C-9F57-831EB089247C}.Release|x64.Build.0 = Release|x64
		{22057461-F8C3-4E0C-9F57-831EB089247C}.Release|x86.ActiveCfg = Release|Win32
		{22057461-F8C3-4E0C-9F57-831EB089247C}.Release|x86.Build.0 = Release|Win32
		{B1C3736A-AD17-46EE-BCC2-F729EFF8481E}.Debug|x64.ActiveCfg = Debug|x64
		{B1C3736A-AD17-46EE-BCC2-F729EFF8481E}.Debug|x64.Build.0 = Debug|x64
		{B1C3736A-AD17-46EE-BCC2-F729EFF8481E}.Debug|x86.ActiveCfg = Debug|Win32
		{B1C3736A-AD17-46EE-BCC2-F729EFF8481E}.Debug|x86.Build.0 = Debug|Win32
		{B1C3736A-AD17-46EE-BCC2-F729EFF8481E}.Release|x64.ActiveCfg = Release|x64
		{B1C3736A-AD17-46EE-BCC2-F729EFF8481E}.Release|x64.Build.0 = Release|x64
		{B1C3736A-AD17-46EE-BCC2-F729EFF8481E}.Release|x86.ActiveCfg = Release|Win32
		{B1C3736A-AD17-46EE-BCC2-F729EFF8481E}.Release|x86.Build.0 = Release|Win32
		{CAC67145-470C-4488-92BA-08769986E1F4}.Debug|x64.ActiveCfg = Debug|x64
		{CAC67145-470C-4488-92BA-08769986E1F4}.Debug|x64.Build.0 = Debug|x64
		{CAC67145-470C-4488-92BA-08769986E1F4}.Debug|x86.ActiveCfg = Debug|Win32
		{CAC67145-470C-4488-92BA-08769986E1F4}.Debug|x86.Build.0 = Debug|Win32
		{CAC67145-470C-4488-92BA-08769986E1F4}.Release|x64.ActiveCfg = Release|x64
		{CAC67145-470C-4488-92BA-08769986E1F4}.Release|x64.Build.0 = Release|x64
		{CAC67145-470C-4488-92BA-08769986E1F4}.Release|x86.ActiveCfg = Release|Win32
		{CAC67145-470C-4488-92BA-08769986E1F4}.Release|x86.Build.0 = Release|Win32
		{593E7ACB-3F11-4948-8B82-7AB41EE3FF97}.Debug|x64.ActiveCfg = Debug|x64
		{593E7ACB-3F11-4948-8B82-7AB41EE3FF97}.Debug|x64.Build.0 = Debug|x64
		{593E7ACB-3F11-4948-8B82-7AB41EE3FF97}.Debug|x86.ActiveCfg = Debug|Win32
		{593E7ACB-3F11-4948-8B82-7AB41EE3FF97}.Debug|x86.Build.0 = Debug|Win32
		{593E7ACB-3F11-4948-8B82-7AB41EE3FF97}.Release|x64.ActiveCfg = Release|x64
		{593E7ACB-3F11-4948-8B82-7AB41EE3FF97}.Release|x64.Build.0 = Release|x64
		{593E7ACB-3F11-4948-8B82-7AB41EE3FF97}.Release|x86.ActiveCfg = Release|Win32
		{593E7ACB-3F11-4948-8B82-7AB41EE3FF97}.Release|x86.Build.0 = Release|Win32
		{1F3F2C16-7983-49C6-A560-AE8FF62FF547}.Debug|x64.ActiveCfg = Debug|x64
		{1F3F2C16-7983-49C6-A560-AE8FF62FF547}.Debug|x64.Build.0 = Debug|x64
		{1F3F2C16-7983-49C6-A560-AE8FF62FF547}.Debug|x86.ActiveCfg = Debug|Win32
		{1F3F2C16-7983-49C6-A560-AE8FF62FF547}.Debug|x86.Build.0 = Debug|Win32
		{1F3F2C16-7983-49C6-A560-AE8FF62FF547}.Release|x64.ActiveCfg = Release|x64
		{1F3F2C16-7983-49C6-A560-AE8FF62FF547}.Release|x64.Build.0 = Release|x64
		{1F3F2C16-7983-49C6-A560-AE8FF62FF547}.Release|x86.ActiveCfg = Release|Win32
		{1F3F2C16-7983-49C6-A560-AE8FF62FF547}.Release|x86.Build.0 = Release|Win32
		{A48944B0-5C2D-4EA0-BD06-87D77C0E88C3}.Debug|x64.ActiveCfg = Debug|x64
		{A48944B0-5C2D-4EA0-BD06-87D77C0E88C3}.Debug|x64.Build.0 = Debug|x64
		{A48944B0-5C2D-4EA0-BD06-87D77C0E88C3}.Debug|x86.ActiveCfg = Debug|Win32
		{A48944B0-5C2D-4EA0-BD06-87D77C0E88C3}.Debug|x86.Build.0 = Debug|Win32
		{A48944B0-5C2D-4EA0-BD06-87D77C0E88C3}.Release|x64.ActiveCfg = Release|x64
		{A48944B0-5C2D-4EA0-BD06-87D77C0E88C3}.Release|x64.Build.0 = Release|x64
		{A48944B0-5C2D-4EA0-BD06-87D77C0E88C3}.Release|x86.ActiveCfg = Release|Win32
		{A48944B0-5C2D-4EA0-BD06-87D77C0E88C3}.Release|x86.Build.0 = Release|Win32
		{B086B69B-2CAA-4EEB-8729-F18D7CD5F228}.Debug|x64.ActiveCfg = Debug|x64
		{B086B69B-2CAA-4EEB-8729-F18D7CD5F228}.Debug|x64.Build.0 = Debug|x64
		{B086B69B-2CAA-4EEB-8729-F18D7CD5F228}.Debug|x86.ActiveCfg = Debug|Win32
		{B086B69B-2CAA-4EEB-8729-F18D7CD5F228}.Debug|x86.Build.0 = Debug|Win32
		{B086B69B-2CAA-4EEB-8729-F18D7CD5F228}.Release|x64.ActiveCfg = Release|x64
		{B086B69B-2CAA-4EEB-8729-F18D7CD5F228}.Release|x64.Build.0 = Release|x64
		{B086B69B-2CAA-4EEB-8729-F18D7CD5F228}.Release|x86.ActiveCfg = Release|Win32
		{B086B69B-2CAA-4EEB-8729-F18D7CD5F228}.Release|x86.Build.0 = Release|Win32
		{F7D245FF-3BAA-417D-9BBB-B82914F5FE5D}.Debug|x64.ActiveCfg = Debug|x64
		{F7D245FF-3BAA-417D-9BBB-B82914F5FE5D}.Debug|x64.Build.0 = Debug|x64
		{F7D245FF-3BAA-417D-9BBB-B82914F5FE5D}.Debug|x86.ActiveCfg = Debug|Win32
		{F7D245FF-3BAA-417D-9BBB-B82914F5FE5D}.Debug|x86.Build.0 = Debug|Win32
		{F7D245FF-3BAA-417D-9BBB-B82914F5FE5D}.Release|x64.ActiveCfg = Release|x64
		{F7D245FF-3BAA-417D-9BBB-B82914F5FE5D}.Release|x64.Build.0 = Release|x64
		{F7D245FF-3BAA-417D-9BBB-B82914F5FE5D}.Release|x86.ActiveCfg = Release|Win32
		{F7D245FF-3BAA-417D-9BBB-B82914F5FE5D}.Release|x86.Build.0 = Release|Win32
		{6B2B8F72-071E-4F0F-B737-0D0988B31BCF}.Debug|x64.ActiveCfg = Debug|x64
		{6B2B8F72-071E-4F0F-B737-0D0988B31BCF}.Debug|x64.Build.0 = Debug|x64
		{6B2B8F72-071E-4F0F-B737-0D0988B31BCF}.Debug|x86.ActiveCfg = Debug|Win32
		{6B2B8F72-071E-4F0F-B737-0D0988B31BCF}.Debug|x86.Build.0 = Debug|Win32
		{6B2B8F72-071E-4F0F-B737-0D0988B31BCF}.Release|x64.ActiveCfg = Release|x64
		{6B2B8F72-071E-4F0F-B737-0D0988B31BCF}.Release|x64.Build.0 = Release|x64
		{6B2B8F72-071E-4F0F-B737-0D0988B31BCF}.Release|x86.ActiveCfg = Release|Win32
		{6B2B8F72-071E-4F0F-B737-0D0988B31BCF}.Release|x86.Build.0 = Release|Win32
		{80481482-5BAD-4A54-8BD1-BDD4689AC459}.Debug|x64.ActiveCfg = Debug|x64
		{80481482-5BAD-4A54-8BD1-BDD4689AC459}.Debug|x64.Build.0 = Debug|x64
		{80481482-5BAD-4A54-8BD1-BDD4689AC459}.Debug|x86.ActiveCfg = Debug|Win32
		{80481482-5BAD-4A54-8BD1-BDD4689AC459}.Debug|x86.Build.0 = Debug|Win32
		{80481482-5BAD-4A54-8BD1-BDD4689AC459}.Release|x64.ActiveCfg = Release|x64
		{80481482-5BAD-4A54-8BD1-BDD4689AC459}.Release|x64.Build.0 = Release|x64
		{80481482-5BAD-4A54-8BD1-BDD4689AC459}.Release|x86.ActiveCfg = Release|Win32
		{80481482-5BAD-4A54-8BD1-BDD4689AC459}.Release|x86.Build.0 = Release|Win32
		{FC72E049-5312-4134-838E-6D1525DC3D7A}.Debug|x64.ActiveCfg = Debug|x64
		{FC72E049-5312-4134-838E-6D1525DC3D7A}.Debug|x64.Build.0 = Debug|x64
		{FC72E049-5312-4134-838E-6D1525DC3D7A}.Debug|x86.ActiveCfg = Debug|Win32
		{FC72E049-5312-4134-838E-6D1525DC3D7A}.Debug|x86.Build.0 = Debug|Win32
		{FC72E049-5312-4134-838E-6D1525DC3D7A}.Release|x64.ActiveCfg = Release|x64
		{FC72E049-5312-4134-838E-6D1525DC3D7A}.Release|x64.Build.0 = Release|x64
		{FC72E049-5312-4134-838E-6D1525DC3D7A}.Release|x86.ActiveCfg = Release|Win32
		{FC72E049-5312-4134-838E-6D1525DC3D7A}.Release|x86.Build.0 = Release|Win32
		{4158ADA9-9E1D-41DD-A196-178D57F41DE2}.Debug|x64.ActiveCfg = Debug|x64
		{4158ADA9-9E1D-41DD-A196-178D57F41DE2}.Debug|x64.Build.0 = Debug|x64
		{4158ADA9-9E1D-41DD-A196-178D57F41DE2}.Debug|x86.ActiveCfg = Debug|Win32
		{4158ADA9-9E1D-41DD-A196-178D57F41DE2}.Debug|x86.Build.0 = Debug|Win32
		{4158ADA9-9E1D-41DD-A196-178D57F41DE2}.Release|x64.ActiveCfg = Release|x64
		{4158ADA9-9E1D-41DD-A196-178D57F41DE2}.Release|x64.Build.0 = Release|x64
		{4158ADA9-9E1D-41DD-A196-178D57F41DE2}.Release|x86.ActiveCfg = Release|Win32
		{4158ADA9-9E1D-41DD-A196-178D57F41DE2}.Release|x86.Build.0 = Release|Win32
		{68DFCF5A-FF9E-400F-A6EA-20F01CADF606}.Debug|x64.ActiveCfg = Debug|x64
		{68DFCF5A-FF9E-400F-A6EA-20F01CADF606}.Debug|x64.Build.0 = Debug|x64
		{68DFCF5A-FF9E-400F-A6EA-20F01CADF606}.Debug|x86.ActiveCfg = Debug|Win32
		{68DFCF5A-FF9E-400F-A6EA-20F01CADF606}.Debug|x86.Build.0 = Debug|Win32
		{68DFCF5A-FF9E-400F-A6EA-20F01CADF606}.Release|x64.ActiveCfg = Release|x64
		{68DFCF5A-FF9E-400F-A6EA-20F01CADF606}.Release|x64.Build.0 = Release|x64
		{68DFCF5A-FF9E-400F-A6EA-20F01CADF606}.Release|x86.ActiveCfg = Release|Win32
		{68DFCF5A-FF9E-400F-A6EA-20F01CADF606}.Release|x86.Build.0 = Release|Win32
		{79D2DC3B-F32E-4011-9F94-81AA4FE4DCFB}.Debug|x64.ActiveCfg = Debug|x64
		{79D2DC3B-F32E-4011-9F94-81AA4FE4DCFB}.Debug|x64.Build.0 = Debug|x64
		{79D2DC3B-F32E-4011-9F94-81AA4FE4DCFB}.Debug|x86.ActiveCfg = Debug|Win32
		{79D2DC3B-F32E-4011-9F94-81AA4FE4DCFB}.Debug|x86.Build.0 = Debug|Win32
		{79D2DC3B-F32E-4011-9F94-81AA4FE4DCFB}.Release|x64.ActiveCfg = Release|x64
		{79D2DC3B-F32E-4011-9F94-81AA4FE4DCFB}.Release|x64.Build.0 = Release|x64
		{79D2DC3B-F32E-4011-9F94-81AA4FE4DCFB}.Release|x86.ActiveCfg = Release|Win32
		{79D2DC3B-F32E-4011-9F94-81AA4FE4DCFB}.Release|x86.Build.0 = Release|Win32
		{CB5911B1-CD0C-404D-8E98-B4CA1C59C724}.Debug|x64.ActiveCfg = Debug|x64
		{CB5911B1-CD0C-404D-8E98-B4CA1C59C724}.Debug|x64.Build.0 = Debug|x64
		{CB5911B1-CD0C-404D-8E98-B4CA1C59C724}.Debug|x86.ActiveCfg = Debug|Win32
		{CB5911B1-CD0C-404D-8E98-B4CA1C59C724}.Debug|x86.Build.0 = Debug|Win32
		{CB5911B1-CD0C-404D-8E98-B4CA1C59C724}.Release|x64.ActiveCfg = Release|x64
		{CB5911B1-CD0C-404D-8E98-B4CA1C59C724}.Release|x64.Build.0 = Release|x64
		{CB5911B1-CD0C-404D-8E98-B4CA1C59C724}.Release|x86.ActiveCfg = Release|Win32
		{CB5911B1-CD0C-404D-8E98-B4CA1C59C724}.Release|x86.Build.0 = Release|Win32
		{34FCAD67-0FD0-4F4B-B5D4-CEF62CE6F287}.Debug|x64.ActiveCfg = Debug|x64
		{34FCAD67-0FD0-4F4B-B5D4-CEF62CE6F287}.Debug|x64.Build.0 = Debug|x64
		{34FCAD67-0FD0-4F4B-B5D4-CEF62CE6F287}.Debug|x86.ActiveCfg = Debug|Win32
		{34FCAD67-0FD0-4F4B-B5D4-CEF62CE6F287}.Debug|x86.Build.0 = Debug|Win32
		{34FCAD67-0FD0-4F4B-B5D4-CEF62CE6F287}.Release|x64.ActiveCfg = Release|x64
		{34FCAD67-0FD0-4F4B-B5D4-CEF62CE6F287}.Release|x64.Build.0 = Release|x64
		{34FCAD67-0FD0-4F4B-B5D4-CEF62CE6F287}.Release|x86.ActiveCfg = Release|Win32
		{34FCAD67-0FD0-4F4B-B5D4-CEF62CE6F287}.Release|x86.Build.0 = Release|Win32
		{70B8D83C-001B-43C1-A968-EE84C4C3F92E}.Debug|x64.ActiveCfg = Debug|x64
		{70B8D83C-001B-43C1-A968-EE84C4C3F92E}.Debug|x64.Build.0 = Debug|x64
		{70B8D83C-001B-43C1-A968-EE84C4C3F92E}.Debug|x86.ActiveCfg = Debug|Win32
		{70B8D83C-001B-43C1-A968-EE84C4C3F92E}.Debug|x86.Build.0 = Debug|Win32
		{70B8D83C-001B-43C1-A968-EE84C4C3F92E}.Release|x64.ActiveCfg = Release|x64
		{70B8D83C-001B-43C1-A968-EE84C4C3F92E}.Release|x64.Build.0 = Release|x64
		{70B8D83C-001B-43C1-A968-EE84C4C3F92E}.Release|x86.ActiveCfg = Release|Win32
		{70B8D83C-001B-43C1-A968-EE84C4C3F92E}.Release|x86.Build.0 = Release|Win32
	EndGlobalSection
	GlobalSection(SolutionProperties) = preSolution
		HideSolutionNode = FALSE
	EndGlobalSection
EndGlobal
